
Microsoft Visual Studio Solution File, Format Version 12.00
# Visual Studio Version 17
VisualStudioVersion = 17.7.34221.43
MinimumVisualStudioVersion = 10.0.40219.1
Project("{FAE04EC0-301F-11D3-BF4B-00C04F79EFBC}") = "Application", "Application\Application.csproj", "{088351FD-74C5-49B6-A596-1617064BE170}"
EndProject
Global
	GlobalSection(SolutionConfigurationPlatforms) = preSolution
		Debug|Any CPU = Debug|Any CPU
		Release|Any CPU = Release|Any CPU
	EndGlobalSection
	GlobalSection(ProjectConfigurationPlatforms) = postSolution
		{088351FD-74C5-49B6-A596-1617064BE170}.Debug|Any CPU.ActiveCfg = Debug|Any CPU
		{088351FD-74C5-49B6-A596-1617064BE170}.Debug|Any CPU.Build.0 = Debug|Any CPU
		{088351FD-74C5-49B6-A596-1617064BE170}.Release|Any CPU.ActiveCfg = Release|Any CPU
		{088351FD-74C5-49B6-A596-1617064BE170}.Release|Any CPU.Build.0 = Release|Any CPU
	EndGlobalSection
	GlobalSection(SolutionProperties) = preSolution
		HideSolutionNode = FALSE
	EndGlobalSection
	GlobalSection(ExtensibilityGlobals) = postSolution
		SolutionGuid = {A4A2481C-6F12-4C15-974D-F629D390DD88}
	EndGlobalSection
EndGlobal
